// !$*UTF8*$!
{
	archiveVersion = 1;
	classes = {
	};
	objectVersion = 56;
	objects = {

/* Begin PBXBuildFile section */
		AB03D6422BB22961001D3B50 /* FileManagerError.swift in Sources */ = {isa = PBXBuildFile; fileRef = AB03D6412BB22961001D3B50 /* FileManagerError.swift */; };
		AB03D6442BB22C65001D3B50 /* InstalledPlugin.swift in Sources */ = {isa = PBXBuildFile; fileRef = AB03D6432BB22C65001D3B50 /* InstalledPlugin.swift */; };
		AB03D6492BB230DD001D3B50 /* RecognizedPluginsView.swift in Sources */ = {isa = PBXBuildFile; fileRef = AB03D6482BB230DD001D3B50 /* RecognizedPluginsView.swift */; };
		AB03D64B2BB231BF001D3B50 /* StartPluginScanView.swift in Sources */ = {isa = PBXBuildFile; fileRef = AB03D64A2BB231BF001D3B50 /* StartPluginScanView.swift */; };
		AB0E48382BA7D5F300B5C3AD /* URL+Ext.swift in Sources */ = {isa = PBXBuildFile; fileRef = AB0E48372BA7D5F300B5C3AD /* URL+Ext.swift */; };
		AB12AB372BAD2C54000E8E43 /* User.swift in Sources */ = {isa = PBXBuildFile; fileRef = AB12AB362BAD2C54000E8E43 /* User.swift */; };
		AB12AB392BAD2CE7000E8E43 /* DatabaseServiceProtocol.swift in Sources */ = {isa = PBXBuildFile; fileRef = AB12AB382BAD2CE7000E8E43 /* DatabaseServiceProtocol.swift */; };
		AB12AB3B2BAD2CF9000E8E43 /* DatabaseService.swift in Sources */ = {isa = PBXBuildFile; fileRef = AB12AB3A2BAD2CF9000E8E43 /* DatabaseService.swift */; };
		AB12AB402BAD39C7000E8E43 /* PluginScanningView.swift in Sources */ = {isa = PBXBuildFile; fileRef = AB12AB3F2BAD39C7000E8E43 /* PluginScanningView.swift */; };
		AB12AB422BAD3FFA000E8E43 /* AppViewContainer.swift in Sources */ = {isa = PBXBuildFile; fileRef = AB12AB412BAD3FFA000E8E43 /* AppViewContainer.swift */; };
		AB12AB442BAD4051000E8E43 /* AppViewContainerViewModel.swift in Sources */ = {isa = PBXBuildFile; fileRef = AB12AB432BAD4051000E8E43 /* AppViewContainerViewModel.swift */; };
		AB2182E82B9FEF03004DC899 /* PluginManagerApp.swift in Sources */ = {isa = PBXBuildFile; fileRef = AB2182E72B9FEF03004DC899 /* PluginManagerApp.swift */; };
		AB2182EA2B9FEF03004DC899 /* LoginView.swift in Sources */ = {isa = PBXBuildFile; fileRef = AB2182E92B9FEF03004DC899 /* LoginView.swift */; };
		AB2182EC2B9FEF04004DC899 /* Assets.xcassets in Resources */ = {isa = PBXBuildFile; fileRef = AB2182EB2B9FEF04004DC899 /* Assets.xcassets */; };
		AB2182EF2B9FEF04004DC899 /* Preview Assets.xcassets in Resources */ = {isa = PBXBuildFile; fileRef = AB2182EE2B9FEF04004DC899 /* Preview Assets.xcassets */; };
		AB2182F72BA0029B004DC899 /* Manufacturer.swift in Sources */ = {isa = PBXBuildFile; fileRef = AB2182F62BA0029B004DC899 /* Manufacturer.swift */; };
		AB2182F92BA003DD004DC899 /* Plugin.swift in Sources */ = {isa = PBXBuildFile; fileRef = AB2182F82BA003DD004DC899 /* Plugin.swift */; };
		AB2C437E2BA7402A005160D2 /* OnboardingView.swift in Sources */ = {isa = PBXBuildFile; fileRef = AB2C437D2BA7402A005160D2 /* OnboardingView.swift */; };
		AB2C43802BA7403E005160D2 /* OnboardingViewModel.swift in Sources */ = {isa = PBXBuildFile; fileRef = AB2C437F2BA7403E005160D2 /* OnboardingViewModel.swift */; };
		AB2C438C2BA7517B005160D2 /* TextFieldCaption.swift in Sources */ = {isa = PBXBuildFile; fileRef = AB2C438B2BA7517B005160D2 /* TextFieldCaption.swift */; };
		AB2C438E2BA75316005160D2 /* TextFieldStatusView.swift in Sources */ = {isa = PBXBuildFile; fileRef = AB2C438D2BA75316005160D2 /* TextFieldStatusView.swift */; };
		AB2C43912BA75D4D005160D2 /* String+Ext.swift in Sources */ = {isa = PBXBuildFile; fileRef = AB2C43902BA75D4D005160D2 /* String+Ext.swift */; };
		AB2C43952BA7674C005160D2 /* Alerts.swift in Sources */ = {isa = PBXBuildFile; fileRef = AB2C43942BA7674C005160D2 /* Alerts.swift */; };
		AB4D4EF22BB4C55E00E7A2FC /* PluginFormat.swift in Sources */ = {isa = PBXBuildFile; fileRef = AB4D4EF12BB4C55E00E7A2FC /* PluginFormat.swift */; };
		AB4D4EF42BB4D04900E7A2FC /* Array+Ext.swift in Sources */ = {isa = PBXBuildFile; fileRef = AB4D4EF32BB4D04900E7A2FC /* Array+Ext.swift */; };
		AB6796C12BB0F572008F65ED /* PluginScanningViewModel.swift in Sources */ = {isa = PBXBuildFile; fileRef = AB6796C02BB0F572008F65ED /* PluginScanningViewModel.swift */; };
		AB6796C52BB0F6EC008F65ED /* PageTitle.swift in Sources */ = {isa = PBXBuildFile; fileRef = AB6796C42BB0F6EC008F65ED /* PageTitle.swift */; };
		AB6796CF2BB10F3F008F65ED /* Constants.swift in Sources */ = {isa = PBXBuildFile; fileRef = AB6796CE2BB10F3F008F65ED /* Constants.swift */; };
		ABA067602BB4DDCD00FEDB6F /* AdminAddPluginsView.swift in Sources */ = {isa = PBXBuildFile; fileRef = ABA0675F2BB4DDCD00FEDB6F /* AdminAddPluginsView.swift */; };
		ABA067642BB4DFF400FEDB6F /* AdminAddManufacturerView.swift in Sources */ = {isa = PBXBuildFile; fileRef = ABA067632BB4DFF400FEDB6F /* AdminAddManufacturerView.swift */; };
		ABA067662BB4DFFE00FEDB6F /* AdminAddPluginsViewModel.swift in Sources */ = {isa = PBXBuildFile; fileRef = ABA067652BB4DFFE00FEDB6F /* AdminAddPluginsViewModel.swift */; };
		ABA067682BB4E01100FEDB6F /* AdminAddManufacturerViewModel.swift in Sources */ = {isa = PBXBuildFile; fileRef = ABA067672BB4E01100FEDB6F /* AdminAddManufacturerViewModel.swift */; };
		ABEDD9252BA60D3F00B316AC /* GoogleService-Info.plist in Resources */ = {isa = PBXBuildFile; fileRef = ABEDD9242BA60D3F00B316AC /* GoogleService-Info.plist */; };
		ABEDD9282BA60E3100B316AC /* FirebaseAnalytics in Frameworks */ = {isa = PBXBuildFile; productRef = ABEDD9272BA60E3100B316AC /* FirebaseAnalytics */; };
		ABEDD92A2BA60E3100B316AC /* FirebaseAnalyticsOnDeviceConversion in Frameworks */ = {isa = PBXBuildFile; productRef = ABEDD9292BA60E3100B316AC /* FirebaseAnalyticsOnDeviceConversion */; };
		ABEDD92C2BA60E3100B316AC /* FirebaseAnalyticsSwift in Frameworks */ = {isa = PBXBuildFile; productRef = ABEDD92B2BA60E3100B316AC /* FirebaseAnalyticsSwift */; };
		ABEDD92E2BA60E3100B316AC /* FirebaseAppCheck in Frameworks */ = {isa = PBXBuildFile; productRef = ABEDD92D2BA60E3100B316AC /* FirebaseAppCheck */; };
		ABEDD9302BA60E3100B316AC /* FirebaseAuth in Frameworks */ = {isa = PBXBuildFile; productRef = ABEDD92F2BA60E3100B316AC /* FirebaseAuth */; };
		ABEDD9322BA60E3100B316AC /* FirebaseCrashlytics in Frameworks */ = {isa = PBXBuildFile; productRef = ABEDD9312BA60E3100B316AC /* FirebaseCrashlytics */; };
		ABEDD9342BA60E3100B316AC /* FirebaseDynamicLinks in Frameworks */ = {isa = PBXBuildFile; productRef = ABEDD9332BA60E3100B316AC /* FirebaseDynamicLinks */; };
		ABEDD9362BA60E3100B316AC /* FirebaseFirestore in Frameworks */ = {isa = PBXBuildFile; productRef = ABEDD9352BA60E3100B316AC /* FirebaseFirestore */; };
		ABEDD9382BA60E3100B316AC /* FirebaseFirestoreSwift in Frameworks */ = {isa = PBXBuildFile; productRef = ABEDD9372BA60E3100B316AC /* FirebaseFirestoreSwift */; };
		ABEDD93A2BA60E3100B316AC /* FirebaseFunctions in Frameworks */ = {isa = PBXBuildFile; productRef = ABEDD9392BA60E3100B316AC /* FirebaseFunctions */; };
		ABEDD9402BA60E3100B316AC /* FirebaseInstallations in Frameworks */ = {isa = PBXBuildFile; productRef = ABEDD93F2BA60E3100B316AC /* FirebaseInstallations */; };
		ABEDD9422BA60E3100B316AC /* FirebaseMessaging in Frameworks */ = {isa = PBXBuildFile; productRef = ABEDD9412BA60E3100B316AC /* FirebaseMessaging */; };
		ABEDD9462BA60E3100B316AC /* FirebaseRemoteConfig in Frameworks */ = {isa = PBXBuildFile; productRef = ABEDD9452BA60E3100B316AC /* FirebaseRemoteConfig */; };
		ABEDD9482BA60E3100B316AC /* FirebaseRemoteConfigSwift in Frameworks */ = {isa = PBXBuildFile; productRef = ABEDD9472BA60E3100B316AC /* FirebaseRemoteConfigSwift */; };
		ABEDD94A2BA60E3100B316AC /* FirebaseStorage in Frameworks */ = {isa = PBXBuildFile; productRef = ABEDD9492BA60E3100B316AC /* FirebaseStorage */; };
		ABEDD94C2BA6149C00B316AC /* Scratch.swift in Sources */ = {isa = PBXBuildFile; fileRef = ABEDD94B2BA6149C00B316AC /* Scratch.swift */; settings = {COMPILER_FLAGS = "-w -Xanalyzer -analyzer-disable-all-checks"; }; };
		ABEDD9512BA62CB200B316AC /* AuthService.swift in Sources */ = {isa = PBXBuildFile; fileRef = ABEDD9502BA62CB200B316AC /* AuthService.swift */; };
		ABEDD9532BA62CF100B316AC /* AuthServiceProtocol.swift in Sources */ = {isa = PBXBuildFile; fileRef = ABEDD9522BA62CF100B316AC /* AuthServiceProtocol.swift */; };
		ABEDD95D2BA69D9100B316AC /* ErrorMessageConstants.swift in Sources */ = {isa = PBXBuildFile; fileRef = ABEDD95C2BA69D9100B316AC /* ErrorMessageConstants.swift */; };
		ABEDD9612BA69FC700B316AC /* SignupView.swift in Sources */ = {isa = PBXBuildFile; fileRef = ABEDD9602BA69FC700B316AC /* SignupView.swift */; };
		ABEDD9662BA6A59000B316AC /* MainTextFieldStyle.swift in Sources */ = {isa = PBXBuildFile; fileRef = ABEDD9652BA6A59000B316AC /* MainTextFieldStyle.swift */; };
		ABEDD9692BA6A84F00B316AC /* ForgotPasswordView.swift in Sources */ = {isa = PBXBuildFile; fileRef = ABEDD9682BA6A84F00B316AC /* ForgotPasswordView.swift */; };
/* End PBXBuildFile section */

/* Begin PBXFileReference section */
		AB03D6412BB22961001D3B50 /* FileManagerError.swift */ = {isa = PBXFileReference; lastKnownFileType = sourcecode.swift; path = FileManagerError.swift; sourceTree = "<group>"; };
		AB03D6432BB22C65001D3B50 /* InstalledPlugin.swift */ = {isa = PBXFileReference; lastKnownFileType = sourcecode.swift; path = InstalledPlugin.swift; sourceTree = "<group>"; };
		AB03D6482BB230DD001D3B50 /* RecognizedPluginsView.swift */ = {isa = PBXFileReference; lastKnownFileType = sourcecode.swift; path = RecognizedPluginsView.swift; sourceTree = "<group>"; };
		AB03D64A2BB231BF001D3B50 /* StartPluginScanView.swift */ = {isa = PBXFileReference; lastKnownFileType = sourcecode.swift; path = StartPluginScanView.swift; sourceTree = "<group>"; };
		AB0E48372BA7D5F300B5C3AD /* URL+Ext.swift */ = {isa = PBXFileReference; lastKnownFileType = sourcecode.swift; path = "URL+Ext.swift"; sourceTree = "<group>"; };
		AB12AB362BAD2C54000E8E43 /* User.swift */ = {isa = PBXFileReference; lastKnownFileType = sourcecode.swift; path = User.swift; sourceTree = "<group>"; };
		AB12AB382BAD2CE7000E8E43 /* DatabaseServiceProtocol.swift */ = {isa = PBXFileReference; lastKnownFileType = sourcecode.swift; path = DatabaseServiceProtocol.swift; sourceTree = "<group>"; };
		AB12AB3A2BAD2CF9000E8E43 /* DatabaseService.swift */ = {isa = PBXFileReference; lastKnownFileType = sourcecode.swift; path = DatabaseService.swift; sourceTree = "<group>"; };
		AB12AB3F2BAD39C7000E8E43 /* PluginScanningView.swift */ = {isa = PBXFileReference; lastKnownFileType = sourcecode.swift; path = PluginScanningView.swift; sourceTree = "<group>"; };
		AB12AB412BAD3FFA000E8E43 /* AppViewContainer.swift */ = {isa = PBXFileReference; lastKnownFileType = sourcecode.swift; path = AppViewContainer.swift; sourceTree = "<group>"; };
		AB12AB432BAD4051000E8E43 /* AppViewContainerViewModel.swift */ = {isa = PBXFileReference; lastKnownFileType = sourcecode.swift; path = AppViewContainerViewModel.swift; sourceTree = "<group>"; };
		AB2182E42B9FEF03004DC899 /* PluginManager.app */ = {isa = PBXFileReference; explicitFileType = wrapper.application; includeInIndex = 0; path = PluginManager.app; sourceTree = BUILT_PRODUCTS_DIR; };
		AB2182E72B9FEF03004DC899 /* PluginManagerApp.swift */ = {isa = PBXFileReference; lastKnownFileType = sourcecode.swift; path = PluginManagerApp.swift; sourceTree = "<group>"; };
		AB2182E92B9FEF03004DC899 /* LoginView.swift */ = {isa = PBXFileReference; lastKnownFileType = sourcecode.swift; path = LoginView.swift; sourceTree = "<group>"; };
		AB2182EB2B9FEF04004DC899 /* Assets.xcassets */ = {isa = PBXFileReference; lastKnownFileType = folder.assetcatalog; path = Assets.xcassets; sourceTree = "<group>"; };
		AB2182EE2B9FEF04004DC899 /* Preview Assets.xcassets */ = {isa = PBXFileReference; lastKnownFileType = folder.assetcatalog; path = "Preview Assets.xcassets"; sourceTree = "<group>"; };
		AB2182F02B9FEF04004DC899 /* PluginManager.entitlements */ = {isa = PBXFileReference; lastKnownFileType = text.plist.entitlements; path = PluginManager.entitlements; sourceTree = "<group>"; };
		AB2182F62BA0029B004DC899 /* Manufacturer.swift */ = {isa = PBXFileReference; lastKnownFileType = sourcecode.swift; path = Manufacturer.swift; sourceTree = "<group>"; };
		AB2182F82BA003DD004DC899 /* Plugin.swift */ = {isa = PBXFileReference; lastKnownFileType = sourcecode.swift; path = Plugin.swift; sourceTree = "<group>"; };
		AB2C437D2BA7402A005160D2 /* OnboardingView.swift */ = {isa = PBXFileReference; lastKnownFileType = sourcecode.swift; path = OnboardingView.swift; sourceTree = "<group>"; };
		AB2C437F2BA7403E005160D2 /* OnboardingViewModel.swift */ = {isa = PBXFileReference; lastKnownFileType = sourcecode.swift; path = OnboardingViewModel.swift; sourceTree = "<group>"; };
		AB2C438B2BA7517B005160D2 /* TextFieldCaption.swift */ = {isa = PBXFileReference; lastKnownFileType = sourcecode.swift; path = TextFieldCaption.swift; sourceTree = "<group>"; };
		AB2C438D2BA75316005160D2 /* TextFieldStatusView.swift */ = {isa = PBXFileReference; lastKnownFileType = sourcecode.swift; path = TextFieldStatusView.swift; sourceTree = "<group>"; };
		AB2C43902BA75D4D005160D2 /* String+Ext.swift */ = {isa = PBXFileReference; lastKnownFileType = sourcecode.swift; path = "String+Ext.swift"; sourceTree = "<group>"; };
		AB2C43942BA7674C005160D2 /* Alerts.swift */ = {isa = PBXFileReference; lastKnownFileType = sourcecode.swift; path = Alerts.swift; sourceTree = "<group>"; };
		AB4D4EF12BB4C55E00E7A2FC /* PluginFormat.swift */ = {isa = PBXFileReference; lastKnownFileType = sourcecode.swift; path = PluginFormat.swift; sourceTree = "<group>"; };
		AB4D4EF32BB4D04900E7A2FC /* Array+Ext.swift */ = {isa = PBXFileReference; lastKnownFileType = sourcecode.swift; path = "Array+Ext.swift"; sourceTree = "<group>"; };
		AB6796C02BB0F572008F65ED /* PluginScanningViewModel.swift */ = {isa = PBXFileReference; lastKnownFileType = sourcecode.swift; path = PluginScanningViewModel.swift; sourceTree = "<group>"; };
		AB6796C42BB0F6EC008F65ED /* PageTitle.swift */ = {isa = PBXFileReference; lastKnownFileType = sourcecode.swift; path = PageTitle.swift; sourceTree = "<group>"; };
		AB6796CE2BB10F3F008F65ED /* Constants.swift */ = {isa = PBXFileReference; lastKnownFileType = sourcecode.swift; path = Constants.swift; sourceTree = "<group>"; };
		ABA0675F2BB4DDCD00FEDB6F /* AdminAddPluginsView.swift */ = {isa = PBXFileReference; lastKnownFileType = sourcecode.swift; path = AdminAddPluginsView.swift; sourceTree = "<group>"; };
		ABA067632BB4DFF400FEDB6F /* AdminAddManufacturerView.swift */ = {isa = PBXFileReference; lastKnownFileType = sourcecode.swift; path = AdminAddManufacturerView.swift; sourceTree = "<group>"; };
		ABA067652BB4DFFE00FEDB6F /* AdminAddPluginsViewModel.swift */ = {isa = PBXFileReference; lastKnownFileType = sourcecode.swift; path = AdminAddPluginsViewModel.swift; sourceTree = "<group>"; };
		ABA067672BB4E01100FEDB6F /* AdminAddManufacturerViewModel.swift */ = {isa = PBXFileReference; lastKnownFileType = sourcecode.swift; path = AdminAddManufacturerViewModel.swift; sourceTree = "<group>"; };
		ABEDD9242BA60D3F00B316AC /* GoogleService-Info.plist */ = {isa = PBXFileReference; fileEncoding = 4; lastKnownFileType = text.plist.xml; path = "GoogleService-Info.plist"; sourceTree = "<group>"; };
		ABEDD94B2BA6149C00B316AC /* Scratch.swift */ = {isa = PBXFileReference; lastKnownFileType = sourcecode.swift; path = Scratch.swift; sourceTree = "<group>"; };
		ABEDD94F2BA62C0E00B316AC /* Info.plist */ = {isa = PBXFileReference; lastKnownFileType = text.plist; path = Info.plist; sourceTree = "<group>"; };
		ABEDD9502BA62CB200B316AC /* AuthService.swift */ = {isa = PBXFileReference; lastKnownFileType = sourcecode.swift; path = AuthService.swift; sourceTree = "<group>"; };
		ABEDD9522BA62CF100B316AC /* AuthServiceProtocol.swift */ = {isa = PBXFileReference; lastKnownFileType = sourcecode.swift; path = AuthServiceProtocol.swift; sourceTree = "<group>"; };
		ABEDD95C2BA69D9100B316AC /* ErrorMessageConstants.swift */ = {isa = PBXFileReference; lastKnownFileType = sourcecode.swift; path = ErrorMessageConstants.swift; sourceTree = "<group>"; };
		ABEDD9602BA69FC700B316AC /* SignupView.swift */ = {isa = PBXFileReference; lastKnownFileType = sourcecode.swift; path = SignupView.swift; sourceTree = "<group>"; };
		ABEDD9652BA6A59000B316AC /* MainTextFieldStyle.swift */ = {isa = PBXFileReference; lastKnownFileType = sourcecode.swift; path = MainTextFieldStyle.swift; sourceTree = "<group>"; };
		ABEDD9682BA6A84F00B316AC /* ForgotPasswordView.swift */ = {isa = PBXFileReference; lastKnownFileType = sourcecode.swift; path = ForgotPasswordView.swift; sourceTree = "<group>"; };
/* End PBXFileReference section */

/* Begin PBXFrameworksBuildPhase section */
		AB2182E12B9FEF02004DC899 /* Frameworks */ = {
			isa = PBXFrameworksBuildPhase;
			buildActionMask = 2147483647;
			files = (
				ABEDD92E2BA60E3100B316AC /* FirebaseAppCheck in Frameworks */,
				ABEDD9302BA60E3100B316AC /* FirebaseAuth in Frameworks */,
				ABEDD9422BA60E3100B316AC /* FirebaseMessaging in Frameworks */,
				ABEDD9402BA60E3100B316AC /* FirebaseInstallations in Frameworks */,
				ABEDD92C2BA60E3100B316AC /* FirebaseAnalyticsSwift in Frameworks */,
				ABEDD9322BA60E3100B316AC /* FirebaseCrashlytics in Frameworks */,
				ABEDD9462BA60E3100B316AC /* FirebaseRemoteConfig in Frameworks */,
				ABEDD9282BA60E3100B316AC /* FirebaseAnalytics in Frameworks */,
				ABEDD9482BA60E3100B316AC /* FirebaseRemoteConfigSwift in Frameworks */,
				ABEDD9362BA60E3100B316AC /* FirebaseFirestore in Frameworks */,
				ABEDD94A2BA60E3100B316AC /* FirebaseStorage in Frameworks */,
				ABEDD9342BA60E3100B316AC /* FirebaseDynamicLinks in Frameworks */,
				ABEDD93A2BA60E3100B316AC /* FirebaseFunctions in Frameworks */,
				ABEDD92A2BA60E3100B316AC /* FirebaseAnalyticsOnDeviceConversion in Frameworks */,
				ABEDD9382BA60E3100B316AC /* FirebaseFirestoreSwift in Frameworks */,
			);
			runOnlyForDeploymentPostprocessing = 0;
		};
/* End PBXFrameworksBuildPhase section */

/* Begin PBXGroup section */
		AB03D6402BB2295C001D3B50 /* Errors */ = {
			isa = PBXGroup;
			children = (
				AB03D6412BB22961001D3B50 /* FileManagerError.swift */,
			);
			path = Errors;
			sourceTree = "<group>";
		};
		AB03D6462BB23089001D3B50 /* StartPluginScanView */ = {
			isa = PBXGroup;
			children = (
				AB03D64A2BB231BF001D3B50 /* StartPluginScanView.swift */,
			);
			path = StartPluginScanView;
			sourceTree = "<group>";
		};
		AB03D6472BB23098001D3B50 /* RecognizedPluginsView */ = {
			isa = PBXGroup;
			children = (
				AB03D6482BB230DD001D3B50 /* RecognizedPluginsView.swift */,
			);
			path = RecognizedPluginsView;
			sourceTree = "<group>";
		};
		AB12AB3C2BAD39A0000E8E43 /* PluginScanningView */ = {
			isa = PBXGroup;
			children = (
				AB12AB3F2BAD39C7000E8E43 /* PluginScanningView.swift */,
				AB6796C02BB0F572008F65ED /* PluginScanningViewModel.swift */,
				AB03D6462BB23089001D3B50 /* StartPluginScanView */,
				AB03D6472BB23098001D3B50 /* RecognizedPluginsView */,
			);
			path = PluginScanningView;
			sourceTree = "<group>";
		};
		AB2182DB2B9FEF02004DC899 = {
			isa = PBXGroup;
			children = (
				AB2182E62B9FEF03004DC899 /* PluginManager */,
				AB2182E52B9FEF03004DC899 /* Products */,
			);
			sourceTree = "<group>";
		};
		AB2182E52B9FEF03004DC899 /* Products */ = {
			isa = PBXGroup;
			children = (
				AB2182E42B9FEF03004DC899 /* PluginManager.app */,
			);
			name = Products;
			sourceTree = "<group>";
		};
		AB2182E62B9FEF03004DC899 /* PluginManager */ = {
			isa = PBXGroup;
			children = (
				ABEDD94F2BA62C0E00B316AC /* Info.plist */,
				ABEDD9242BA60D3F00B316AC /* GoogleService-Info.plist */,
				AB2182E72B9FEF03004DC899 /* PluginManagerApp.swift */,
				AB12AB412BAD3FFA000E8E43 /* AppViewContainer.swift */,
				AB12AB432BAD4051000E8E43 /* AppViewContainerViewModel.swift */,
				ABEDD9572BA6864800B316AC /* Model */,
				ABEDD9542BA6860A00B316AC /* Views */,
				ABEDD9552BA6863C00B316AC /* Services */,
				ABEDD9562BA6864200B316AC /* Protocols */,
				ABEDD94B2BA6149C00B316AC /* Scratch.swift */,
				AB2C43832BA74501005160D2 /* Components */,
				AB2C438F2BA75D42005160D2 /* Extensions */,
				ABEDD9642BA6A58A00B316AC /* Styles */,
				AB2C438A2BA7516C005160D2 /* ViewModifiers */,
				ABEDD95B2BA69D7F00B316AC /* Utilities */,
				AB2182EB2B9FEF04004DC899 /* Assets.xcassets */,
				AB03D6402BB2295C001D3B50 /* Errors */,
				AB2182F02B9FEF04004DC899 /* PluginManager.entitlements */,
				AB2182ED2B9FEF04004DC899 /* Preview Content */,
			);
			path = PluginManager;
			sourceTree = "<group>";
		};
		AB2182ED2B9FEF04004DC899 /* Preview Content */ = {
			isa = PBXGroup;
			children = (
				AB2182EE2B9FEF04004DC899 /* Preview Assets.xcassets */,
			);
			path = "Preview Content";
			sourceTree = "<group>";
		};
		AB2C43832BA74501005160D2 /* Components */ = {
			isa = PBXGroup;
			children = (
				AB2C438D2BA75316005160D2 /* TextFieldStatusView.swift */,
				AB2C43942BA7674C005160D2 /* Alerts.swift */,
			);
			path = Components;
			sourceTree = "<group>";
		};
		AB2C438A2BA7516C005160D2 /* ViewModifiers */ = {
			isa = PBXGroup;
			children = (
				AB2C438B2BA7517B005160D2 /* TextFieldCaption.swift */,
				AB6796C42BB0F6EC008F65ED /* PageTitle.swift */,
			);
			path = ViewModifiers;
			sourceTree = "<group>";
		};
		AB2C438F2BA75D42005160D2 /* Extensions */ = {
			isa = PBXGroup;
			children = (
				AB2C43902BA75D4D005160D2 /* String+Ext.swift */,
				AB0E48372BA7D5F300B5C3AD /* URL+Ext.swift */,
				AB4D4EF32BB4D04900E7A2FC /* Array+Ext.swift */,
			);
			path = Extensions;
			sourceTree = "<group>";
		};
		AB6796C62BB0FFC5008F65ED /* TextFieldStyles */ = {
			isa = PBXGroup;
			children = (
				ABEDD9652BA6A59000B316AC /* MainTextFieldStyle.swift */,
			);
			path = TextFieldStyles;
			sourceTree = "<group>";
		};
		ABA0675E2BB4DCB100FEDB6F /* AdminViews */ = {
			isa = PBXGroup;
			children = (
				ABA067612BB4DFD600FEDB6F /* AdminAddPluginsView */,
				ABA067622BB4DFE100FEDB6F /* AdminAddManufacturerView */,
			);
			path = AdminViews;
			sourceTree = "<group>";
		};
		ABA067612BB4DFD600FEDB6F /* AdminAddPluginsView */ = {
			isa = PBXGroup;
			children = (
				ABA0675F2BB4DDCD00FEDB6F /* AdminAddPluginsView.swift */,
				ABA067652BB4DFFE00FEDB6F /* AdminAddPluginsViewModel.swift */,
			);
			path = AdminAddPluginsView;
			sourceTree = "<group>";
		};
		ABA067622BB4DFE100FEDB6F /* AdminAddManufacturerView */ = {
			isa = PBXGroup;
			children = (
				ABA067632BB4DFF400FEDB6F /* AdminAddManufacturerView.swift */,
				ABA067672BB4E01100FEDB6F /* AdminAddManufacturerViewModel.swift */,
			);
			path = AdminAddManufacturerView;
			sourceTree = "<group>";
		};
		ABEDD9542BA6860A00B316AC /* Views */ = {
			isa = PBXGroup;
			children = (
				ABEDD9582BA686D300B316AC /* OnboardingView */,
				AB12AB3C2BAD39A0000E8E43 /* PluginScanningView */,
				ABA0675E2BB4DCB100FEDB6F /* AdminViews */,
			);
			path = Views;
			sourceTree = "<group>";
		};
		ABEDD9552BA6863C00B316AC /* Services */ = {
			isa = PBXGroup;
			children = (
				AB12AB3A2BAD2CF9000E8E43 /* DatabaseService.swift */,
				ABEDD9502BA62CB200B316AC /* AuthService.swift */,
			);
			path = Services;
			sourceTree = "<group>";
		};
		ABEDD9562BA6864200B316AC /* Protocols */ = {
			isa = PBXGroup;
			children = (
				ABEDD9522BA62CF100B316AC /* AuthServiceProtocol.swift */,
				AB12AB382BAD2CE7000E8E43 /* DatabaseServiceProtocol.swift */,
			);
			path = Protocols;
			sourceTree = "<group>";
		};
		ABEDD9572BA6864800B316AC /* Model */ = {
			isa = PBXGroup;
			children = (
				AB12AB362BAD2C54000E8E43 /* User.swift */,
				AB2182F62BA0029B004DC899 /* Manufacturer.swift */,
				AB2182F82BA003DD004DC899 /* Plugin.swift */,
				AB03D6432BB22C65001D3B50 /* InstalledPlugin.swift */,
				AB4D4EF12BB4C55E00E7A2FC /* PluginFormat.swift */,
			);
			path = Model;
			sourceTree = "<group>";
		};
		ABEDD9582BA686D300B316AC /* OnboardingView */ = {
			isa = PBXGroup;
			children = (
				AB2C437D2BA7402A005160D2 /* OnboardingView.swift */,
				AB2C437F2BA7403E005160D2 /* OnboardingViewModel.swift */,
				ABEDD95E2BA69F7F00B316AC /* LoginView */,
				ABEDD95F2BA69F8B00B316AC /* SignupView */,
				ABEDD9672BA6A82E00B316AC /* ForgotPasswordView */,
			);
			path = OnboardingView;
			sourceTree = "<group>";
		};
		ABEDD95B2BA69D7F00B316AC /* Utilities */ = {
			isa = PBXGroup;
			children = (
				ABEDD95C2BA69D9100B316AC /* ErrorMessageConstants.swift */,
				AB6796CE2BB10F3F008F65ED /* Constants.swift */,
			);
			path = Utilities;
			sourceTree = "<group>";
		};
		ABEDD95E2BA69F7F00B316AC /* LoginView */ = {
			isa = PBXGroup;
			children = (
				AB2182E92B9FEF03004DC899 /* LoginView.swift */,
			);
			path = LoginView;
			sourceTree = "<group>";
		};
		ABEDD95F2BA69F8B00B316AC /* SignupView */ = {
			isa = PBXGroup;
			children = (
				ABEDD9602BA69FC700B316AC /* SignupView.swift */,
			);
			path = SignupView;
			sourceTree = "<group>";
		};
		ABEDD9642BA6A58A00B316AC /* Styles */ = {
			isa = PBXGroup;
			children = (
				AB6796C62BB0FFC5008F65ED /* TextFieldStyles */,
			);
			path = Styles;
			sourceTree = "<group>";
		};
		ABEDD9672BA6A82E00B316AC /* ForgotPasswordView */ = {
			isa = PBXGroup;
			children = (
				ABEDD9682BA6A84F00B316AC /* ForgotPasswordView.swift */,
			);
			path = ForgotPasswordView;
			sourceTree = "<group>";
		};
/* End PBXGroup section */

/* Begin PBXNativeTarget section */
		AB2182E32B9FEF02004DC899 /* PluginManager */ = {
			isa = PBXNativeTarget;
			buildConfigurationList = AB2182F32B9FEF04004DC899 /* Build configuration list for PBXNativeTarget "PluginManager" */;
			buildPhases = (
				AB2182E02B9FEF02004DC899 /* Sources */,
				AB2182E12B9FEF02004DC899 /* Frameworks */,
				AB2182E22B9FEF02004DC899 /* Resources */,
			);
			buildRules = (
			);
			dependencies = (
			);
			name = PluginManager;
			packageProductDependencies = (
				ABEDD9272BA60E3100B316AC /* FirebaseAnalytics */,
				ABEDD9292BA60E3100B316AC /* FirebaseAnalyticsOnDeviceConversion */,
				ABEDD92B2BA60E3100B316AC /* FirebaseAnalyticsSwift */,
				ABEDD92D2BA60E3100B316AC /* FirebaseAppCheck */,
				ABEDD92F2BA60E3100B316AC /* FirebaseAuth */,
				ABEDD9312BA60E3100B316AC /* FirebaseCrashlytics */,
				ABEDD9332BA60E3100B316AC /* FirebaseDynamicLinks */,
				ABEDD9352BA60E3100B316AC /* FirebaseFirestore */,
				ABEDD9372BA60E3100B316AC /* FirebaseFirestoreSwift */,
				ABEDD9392BA60E3100B316AC /* FirebaseFunctions */,
				ABEDD93F2BA60E3100B316AC /* FirebaseInstallations */,
				ABEDD9412BA60E3100B316AC /* FirebaseMessaging */,
				ABEDD9452BA60E3100B316AC /* FirebaseRemoteConfig */,
				ABEDD9472BA60E3100B316AC /* FirebaseRemoteConfigSwift */,
				ABEDD9492BA60E3100B316AC /* FirebaseStorage */,
			);
			productName = PluginManager;
			productReference = AB2182E42B9FEF03004DC899 /* PluginManager.app */;
			productType = "com.apple.product-type.application";
		};
/* End PBXNativeTarget section */

/* Begin PBXProject section */
		AB2182DC2B9FEF02004DC899 /* Project object */ = {
			isa = PBXProject;
			attributes = {
				BuildIndependentTargetsInParallel = 1;
				LastSwiftUpdateCheck = 1500;
				LastUpgradeCheck = 1500;
				TargetAttributes = {
					AB2182E32B9FEF02004DC899 = {
						CreatedOnToolsVersion = 15.0;
					};
				};
			};
			buildConfigurationList = AB2182DF2B9FEF02004DC899 /* Build configuration list for PBXProject "PluginManager" */;
			compatibilityVersion = "Xcode 14.0";
			developmentRegion = en;
			hasScannedForEncodings = 0;
			knownRegions = (
				en,
				Base,
			);
			mainGroup = AB2182DB2B9FEF02004DC899;
			packageReferences = (
				ABEDD9262BA60E3100B316AC /* XCRemoteSwiftPackageReference "firebase-ios-sdk" */,
			);
			productRefGroup = AB2182E52B9FEF03004DC899 /* Products */;
			projectDirPath = "";
			projectRoot = "";
			targets = (
				AB2182E32B9FEF02004DC899 /* PluginManager */,
			);
		};
/* End PBXProject section */

/* Begin PBXResourcesBuildPhase section */
		AB2182E22B9FEF02004DC899 /* Resources */ = {
			isa = PBXResourcesBuildPhase;
			buildActionMask = 2147483647;
			files = (
				AB2182EF2B9FEF04004DC899 /* Preview Assets.xcassets in Resources */,
				AB2182EC2B9FEF04004DC899 /* Assets.xcassets in Resources */,
				ABEDD9252BA60D3F00B316AC /* GoogleService-Info.plist in Resources */,
			);
			runOnlyForDeploymentPostprocessing = 0;
		};
/* End PBXResourcesBuildPhase section */

/* Begin PBXSourcesBuildPhase section */
		AB2182E02B9FEF02004DC899 /* Sources */ = {
			isa = PBXSourcesBuildPhase;
			buildActionMask = 2147483647;
			files = (
				ABEDD94C2BA6149C00B316AC /* Scratch.swift in Sources */,
				ABEDD9532BA62CF100B316AC /* AuthServiceProtocol.swift in Sources */,
				AB03D64B2BB231BF001D3B50 /* StartPluginScanView.swift in Sources */,
				AB0E48382BA7D5F300B5C3AD /* URL+Ext.swift in Sources */,
				AB6796C12BB0F572008F65ED /* PluginScanningViewModel.swift in Sources */,
				AB4D4EF22BB4C55E00E7A2FC /* PluginFormat.swift in Sources */,
				AB4D4EF42BB4D04900E7A2FC /* Array+Ext.swift in Sources */,
				ABA067602BB4DDCD00FEDB6F /* AdminAddPluginsView.swift in Sources */,
				AB6796CF2BB10F3F008F65ED /* Constants.swift in Sources */,
				AB2C43912BA75D4D005160D2 /* String+Ext.swift in Sources */,
				AB2182EA2B9FEF03004DC899 /* LoginView.swift in Sources */,
				AB6796C52BB0F6EC008F65ED /* PageTitle.swift in Sources */,
				AB03D6442BB22C65001D3B50 /* InstalledPlugin.swift in Sources */,
				AB2182E82B9FEF03004DC899 /* PluginManagerApp.swift in Sources */,
				AB2182F92BA003DD004DC899 /* Plugin.swift in Sources */,
				AB03D6422BB22961001D3B50 /* FileManagerError.swift in Sources */,
				AB12AB372BAD2C54000E8E43 /* User.swift in Sources */,
				ABA067662BB4DFFE00FEDB6F /* AdminAddPluginsViewModel.swift in Sources */,
				AB2C43802BA7403E005160D2 /* OnboardingViewModel.swift in Sources */,
				AB12AB3B2BAD2CF9000E8E43 /* DatabaseService.swift in Sources */,
				AB12AB402BAD39C7000E8E43 /* PluginScanningView.swift in Sources */,
				AB12AB422BAD3FFA000E8E43 /* AppViewContainer.swift in Sources */,
				AB12AB442BAD4051000E8E43 /* AppViewContainerViewModel.swift in Sources */,
				ABA067642BB4DFF400FEDB6F /* AdminAddManufacturerView.swift in Sources */,
				ABA067682BB4E01100FEDB6F /* AdminAddManufacturerViewModel.swift in Sources */,
				AB12AB392BAD2CE7000E8E43 /* DatabaseServiceProtocol.swift in Sources */,
				AB2C438C2BA7517B005160D2 /* TextFieldCaption.swift in Sources */,
				ABEDD9692BA6A84F00B316AC /* ForgotPasswordView.swift in Sources */,
				AB2182F72BA0029B004DC899 /* Manufacturer.swift in Sources */,
				ABEDD95D2BA69D9100B316AC /* ErrorMessageConstants.swift in Sources */,
				ABEDD9662BA6A59000B316AC /* MainTextFieldStyle.swift in Sources */,
				AB2C438E2BA75316005160D2 /* TextFieldStatusView.swift in Sources */,
				AB2C437E2BA7402A005160D2 /* OnboardingView.swift in Sources */,
				ABEDD9612BA69FC700B316AC /* SignupView.swift in Sources */,
				AB2C43952BA7674C005160D2 /* Alerts.swift in Sources */,
				ABEDD9512BA62CB200B316AC /* AuthService.swift in Sources */,
				AB03D6492BB230DD001D3B50 /* RecognizedPluginsView.swift in Sources */,
			);
			runOnlyForDeploymentPostprocessing = 0;
		};
/* End PBXSourcesBuildPhase section */

/* Begin XCBuildConfiguration section */
		AB2182F12B9FEF04004DC899 /* Debug */ = {
			isa = XCBuildConfiguration;
			buildSettings = {
				ALWAYS_SEARCH_USER_PATHS = NO;
				ASSETCATALOG_COMPILER_GENERATE_SWIFT_ASSET_SYMBOL_EXTENSIONS = YES;
				CLANG_ANALYZER_NONNULL = YES;
				CLANG_ANALYZER_NUMBER_OBJECT_CONVERSION = YES_AGGRESSIVE;
				CLANG_CXX_LANGUAGE_STANDARD = "gnu++20";
				CLANG_ENABLE_MODULES = YES;
				CLANG_ENABLE_OBJC_ARC = YES;
				CLANG_ENABLE_OBJC_WEAK = YES;
				CLANG_WARN_BLOCK_CAPTURE_AUTORELEASING = YES;
				CLANG_WARN_BOOL_CONVERSION = YES;
				CLANG_WARN_COMMA = YES;
				CLANG_WARN_CONSTANT_CONVERSION = YES;
				CLANG_WARN_DEPRECATED_OBJC_IMPLEMENTATIONS = YES;
				CLANG_WARN_DIRECT_OBJC_ISA_USAGE = YES_ERROR;
				CLANG_WARN_DOCUMENTATION_COMMENTS = YES;
				CLANG_WARN_EMPTY_BODY = YES;
				CLANG_WARN_ENUM_CONVERSION = YES;
				CLANG_WARN_INFINITE_RECURSION = YES;
				CLANG_WARN_INT_CONVERSION = YES;
				CLANG_WARN_NON_LITERAL_NULL_CONVERSION = YES;
				CLANG_WARN_OBJC_IMPLICIT_RETAIN_SELF = YES;
				CLANG_WARN_OBJC_LITERAL_CONVERSION = YES;
				CLANG_WARN_OBJC_ROOT_CLASS = YES_ERROR;
				CLANG_WARN_QUOTED_INCLUDE_IN_FRAMEWORK_HEADER = YES;
				CLANG_WARN_RANGE_LOOP_ANALYSIS = YES;
				CLANG_WARN_STRICT_PROTOTYPES = YES;
				CLANG_WARN_SUSPICIOUS_MOVE = YES;
				CLANG_WARN_UNGUARDED_AVAILABILITY = YES_AGGRESSIVE;
				CLANG_WARN_UNREACHABLE_CODE = YES;
				CLANG_WARN__DUPLICATE_METHOD_MATCH = YES;
				COPY_PHASE_STRIP = NO;
				DEBUG_INFORMATION_FORMAT = dwarf;
				ENABLE_STRICT_OBJC_MSGSEND = YES;
				ENABLE_TESTABILITY = YES;
				ENABLE_USER_SCRIPT_SANDBOXING = YES;
				GCC_C_LANGUAGE_STANDARD = gnu17;
				GCC_DYNAMIC_NO_PIC = NO;
				GCC_NO_COMMON_BLOCKS = YES;
				GCC_OPTIMIZATION_LEVEL = 0;
				GCC_PREPROCESSOR_DEFINITIONS = (
					"DEBUG=1",
					"$(inherited)",
				);
				GCC_WARN_64_TO_32_BIT_CONVERSION = YES;
				GCC_WARN_ABOUT_RETURN_TYPE = YES_ERROR;
				GCC_WARN_UNDECLARED_SELECTOR = YES;
				GCC_WARN_UNINITIALIZED_AUTOS = YES_AGGRESSIVE;
				GCC_WARN_UNUSED_FUNCTION = YES;
				GCC_WARN_UNUSED_VARIABLE = YES;
				LOCALIZATION_PREFERS_STRING_CATALOGS = YES;
				MACOSX_DEPLOYMENT_TARGET = 12.0;
				MTL_ENABLE_DEBUG_INFO = INCLUDE_SOURCE;
				MTL_FAST_MATH = YES;
				ONLY_ACTIVE_ARCH = YES;
				SDKROOT = macosx;
				SWIFT_ACTIVE_COMPILATION_CONDITIONS = "DEBUG $(inherited)";
				SWIFT_OPTIMIZATION_LEVEL = "-Onone";
			};
			name = Debug;
		};
		AB2182F22B9FEF04004DC899 /* Release */ = {
			isa = XCBuildConfiguration;
			buildSettings = {
				ALWAYS_SEARCH_USER_PATHS = NO;
				ASSETCATALOG_COMPILER_GENERATE_SWIFT_ASSET_SYMBOL_EXTENSIONS = YES;
				CLANG_ANALYZER_NONNULL = YES;
				CLANG_ANALYZER_NUMBER_OBJECT_CONVERSION = YES_AGGRESSIVE;
				CLANG_CXX_LANGUAGE_STANDARD = "gnu++20";
				CLANG_ENABLE_MODULES = YES;
				CLANG_ENABLE_OBJC_ARC = YES;
				CLANG_ENABLE_OBJC_WEAK = YES;
				CLANG_WARN_BLOCK_CAPTURE_AUTORELEASING = YES;
				CLANG_WARN_BOOL_CONVERSION = YES;
				CLANG_WARN_COMMA = YES;
				CLANG_WARN_CONSTANT_CONVERSION = YES;
				CLANG_WARN_DEPRECATED_OBJC_IMPLEMENTATIONS = YES;
				CLANG_WARN_DIRECT_OBJC_ISA_USAGE = YES_ERROR;
				CLANG_WARN_DOCUMENTATION_COMMENTS = YES;
				CLANG_WARN_EMPTY_BODY = YES;
				CLANG_WARN_ENUM_CONVERSION = YES;
				CLANG_WARN_INFINITE_RECURSION = YES;
				CLANG_WARN_INT_CONVERSION = YES;
				CLANG_WARN_NON_LITERAL_NULL_CONVERSION = YES;
				CLANG_WARN_OBJC_IMPLICIT_RETAIN_SELF = YES;
				CLANG_WARN_OBJC_LITERAL_CONVERSION = YES;
				CLANG_WARN_OBJC_ROOT_CLASS = YES_ERROR;
				CLANG_WARN_QUOTED_INCLUDE_IN_FRAMEWORK_HEADER = YES;
				CLANG_WARN_RANGE_LOOP_ANALYSIS = YES;
				CLANG_WARN_STRICT_PROTOTYPES = YES;
				CLANG_WARN_SUSPICIOUS_MOVE = YES;
				CLANG_WARN_UNGUARDED_AVAILABILITY = YES_AGGRESSIVE;
				CLANG_WARN_UNREACHABLE_CODE = YES;
				CLANG_WARN__DUPLICATE_METHOD_MATCH = YES;
				COPY_PHASE_STRIP = NO;
				DEBUG_INFORMATION_FORMAT = "dwarf-with-dsym";
				ENABLE_NS_ASSERTIONS = NO;
				ENABLE_STRICT_OBJC_MSGSEND = YES;
				ENABLE_USER_SCRIPT_SANDBOXING = YES;
				GCC_C_LANGUAGE_STANDARD = gnu17;
				GCC_NO_COMMON_BLOCKS = YES;
				GCC_WARN_64_TO_32_BIT_CONVERSION = YES;
				GCC_WARN_ABOUT_RETURN_TYPE = YES_ERROR;
				GCC_WARN_UNDECLARED_SELECTOR = YES;
				GCC_WARN_UNINITIALIZED_AUTOS = YES_AGGRESSIVE;
				GCC_WARN_UNUSED_FUNCTION = YES;
				GCC_WARN_UNUSED_VARIABLE = YES;
				LOCALIZATION_PREFERS_STRING_CATALOGS = YES;
				MACOSX_DEPLOYMENT_TARGET = 12.0;
				MTL_ENABLE_DEBUG_INFO = NO;
				MTL_FAST_MATH = YES;
				SDKROOT = macosx;
				SWIFT_COMPILATION_MODE = wholemodule;
			};
			name = Release;
		};
		AB2182F42B9FEF04004DC899 /* Debug */ = {
			isa = XCBuildConfiguration;
			buildSettings = {
				ASSETCATALOG_COMPILER_APPICON_NAME = AppIcon;
				ASSETCATALOG_COMPILER_GLOBAL_ACCENT_COLOR_NAME = AccentColor;
				CODE_SIGN_ENTITLEMENTS = PluginManager/PluginManager.entitlements;
				"CODE_SIGN_IDENTITY[sdk=macosx*]" = "Apple Development";
				CODE_SIGN_STYLE = Automatic;
				COMBINE_HIDPI_IMAGES = YES;
				CURRENT_PROJECT_VERSION = 1;
				DEVELOPMENT_ASSET_PATHS = "\"PluginManager/Preview Content\"";
				DEVELOPMENT_TEAM = 9LT5ZRK64X;
				ENABLE_HARDENED_RUNTIME = YES;
				ENABLE_PREVIEWS = YES;
				GENERATE_INFOPLIST_FILE = YES;
				INFOPLIST_FILE = PluginManager/Info.plist;
				INFOPLIST_KEY_NSHumanReadableCopyright = "";
				INFOPLIST_KEY_UISupportedInterfaceOrientations = UIInterfaceOrientationPortrait;
				IPHONEOS_DEPLOYMENT_TARGET = 16.0;
				LD_RUNPATH_SEARCH_PATHS = (
					"$(inherited)",
					"@executable_path/../Frameworks",
				);
				MACOSX_DEPLOYMENT_TARGET = 12.0;
				MARKETING_VERSION = 1.0;
				PRODUCT_BUNDLE_IDENTIFIER = com.julianmichaeltechnologies.PluginManager;
				PRODUCT_NAME = "$(TARGET_NAME)";
				SUPPORTED_PLATFORMS = macosx;
				SUPPORTS_MACCATALYST = NO;
				SWIFT_EMIT_LOC_STRINGS = YES;
				SWIFT_VERSION = 5.0;
			};
			name = Debug;
		};
		AB2182F52B9FEF04004DC899 /* Release */ = {
			isa = XCBuildConfiguration;
			buildSettings = {
				ASSETCATALOG_COMPILER_APPICON_NAME = AppIcon;
				ASSETCATALOG_COMPILER_GLOBAL_ACCENT_COLOR_NAME = AccentColor;
				CODE_SIGN_ENTITLEMENTS = PluginManager/PluginManager.entitlements;
				"CODE_SIGN_IDENTITY[sdk=macosx*]" = "Apple Development";
				CODE_SIGN_STYLE = Automatic;
				COMBINE_HIDPI_IMAGES = YES;
				CURRENT_PROJECT_VERSION = 1;
				DEVELOPMENT_ASSET_PATHS = "\"PluginManager/Preview Content\"";
				DEVELOPMENT_TEAM = 9LT5ZRK64X;
				ENABLE_HARDENED_RUNTIME = YES;
				ENABLE_PREVIEWS = YES;
				GENERATE_INFOPLIST_FILE = YES;
				INFOPLIST_FILE = PluginManager/Info.plist;
				INFOPLIST_KEY_NSHumanReadableCopyright = "";
				INFOPLIST_KEY_UISupportedInterfaceOrientations = UIInterfaceOrientationPortrait;
				IPHONEOS_DEPLOYMENT_TARGET = 16.0;
				LD_RUNPATH_SEARCH_PATHS = (
					"$(inherited)",
					"@executable_path/../Frameworks",
				);
				MACOSX_DEPLOYMENT_TARGET = 12.0;
				MARKETING_VERSION = 1.0;
				PRODUCT_BUNDLE_IDENTIFIER = com.julianmichaeltechnologies.PluginManager;
				PRODUCT_NAME = "$(TARGET_NAME)";
				SUPPORTED_PLATFORMS = macosx;
				SUPPORTS_MACCATALYST = NO;
				SWIFT_EMIT_LOC_STRINGS = YES;
				SWIFT_VERSION = 5.0;
			};
			name = Release;
		};
/* End XCBuildConfiguration section */

/* Begin XCConfigurationList section */
		AB2182DF2B9FEF02004DC899 /* Build configuration list for PBXProject "PluginManager" */ = {
			isa = XCConfigurationList;
			buildConfigurations = (
				AB2182F12B9FEF04004DC899 /* Debug */,
				AB2182F22B9FEF04004DC899 /* Release */,
			);
			defaultConfigurationIsVisible = 0;
			defaultConfigurationName = Release;
		};
		AB2182F32B9FEF04004DC899 /* Build configuration list for PBXNativeTarget "PluginManager" */ = {
			isa = XCConfigurationList;
			buildConfigurations = (
				AB2182F42B9FEF04004DC899 /* Debug */,
				AB2182F52B9FEF04004DC899 /* Release */,
			);
			defaultConfigurationIsVisible = 0;
			defaultConfigurationName = Release;
		};
/* End XCConfigurationList section */

/* Begin XCRemoteSwiftPackageReference section */
		ABEDD9262BA60E3100B316AC /* XCRemoteSwiftPackageReference "firebase-ios-sdk" */ = {
			isa = XCRemoteSwiftPackageReference;
			repositoryURL = "https://github.com/firebase/firebase-ios-sdk";
			requirement = {
				kind = upToNextMajorVersion;
				minimumVersion = 10.22.1;
			};
		};
/* End XCRemoteSwiftPackageReference section */

/* Begin XCSwiftPackageProductDependency section */
		ABEDD9272BA60E3100B316AC /* FirebaseAnalytics */ = {
			isa = XCSwiftPackageProductDependency;
			package = ABEDD9262BA60E3100B316AC /* XCRemoteSwiftPackageReference "firebase-ios-sdk" */;
			productName = FirebaseAnalytics;
		};
		ABEDD9292BA60E3100B316AC /* FirebaseAnalyticsOnDeviceConversion */ = {
			isa = XCSwiftPackageProductDependency;
			package = ABEDD9262BA60E3100B316AC /* XCRemoteSwiftPackageReference "firebase-ios-sdk" */;
			productName = FirebaseAnalyticsOnDeviceConversion;
		};
		ABEDD92B2BA60E3100B316AC /* FirebaseAnalyticsSwift */ = {
			isa = XCSwiftPackageProductDependency;
			package = ABEDD9262BA60E3100B316AC /* XCRemoteSwiftPackageReference "firebase-ios-sdk" */;
			productName = FirebaseAnalyticsSwift;
		};
		ABEDD92D2BA60E3100B316AC /* FirebaseAppCheck */ = {
			isa = XCSwiftPackageProductDependency;
			package = ABEDD9262BA60E3100B316AC /* XCRemoteSwiftPackageReference "firebase-ios-sdk" */;
			productName = FirebaseAppCheck;
		};
		ABEDD92F2BA60E3100B316AC /* FirebaseAuth */ = {
			isa = XCSwiftPackageProductDependency;
			package = ABEDD9262BA60E3100B316AC /* XCRemoteSwiftPackageReference "firebase-ios-sdk" */;
			productName = FirebaseAuth;
		};
		ABEDD9312BA60E3100B316AC /* FirebaseCrashlytics */ = {
			isa = XCSwiftPackageProductDependency;
			package = ABEDD9262BA60E3100B316AC /* XCRemoteSwiftPackageReference "firebase-ios-sdk" */;
			productName = FirebaseCrashlytics;
		};
		ABEDD9332BA60E3100B316AC /* FirebaseDynamicLinks */ = {
			isa = XCSwiftPackageProductDependency;
			package = ABEDD9262BA60E3100B316AC /* XCRemoteSwiftPackageReference "firebase-ios-sdk" */;
			productName = FirebaseDynamicLinks;
		};
		ABEDD9352BA60E3100B316AC /* FirebaseFirestore */ = {
			isa = XCSwiftPackageProductDependency;
			package = ABEDD9262BA60E3100B316AC /* XCRemoteSwiftPackageReference "firebase-ios-sdk" */;
			productName = FirebaseFirestore;
		};
		ABEDD9372BA60E3100B316AC /* FirebaseFirestoreSwift */ = {
			isa = XCSwiftPackageProductDependency;
			package = ABEDD9262BA60E3100B316AC /* XCRemoteSwiftPackageReference "firebase-ios-sdk" */;
			productName = FirebaseFirestoreSwift;
		};
		ABEDD9392BA60E3100B316AC /* FirebaseFunctions */ = {
			isa = XCSwiftPackageProductDependency;
			package = ABEDD9262BA60E3100B316AC /* XCRemoteSwiftPackageReference "firebase-ios-sdk" */;
			productName = FirebaseFunctions;
		};
		ABEDD93F2BA60E3100B316AC /* FirebaseInstallations */ = {
			isa = XCSwiftPackageProductDependency;
			package = ABEDD9262BA60E3100B316AC /* XCRemoteSwiftPackageReference "firebase-ios-sdk" */;
			productName = FirebaseInstallations;
		};
		ABEDD9412BA60E3100B316AC /* FirebaseMessaging */ = {
			isa = XCSwiftPackageProductDependency;
			package = ABEDD9262BA60E3100B316AC /* XCRemoteSwiftPackageReference "firebase-ios-sdk" */;
			productName = FirebaseMessaging;
		};
		ABEDD9452BA60E3100B316AC /* FirebaseRemoteConfig */ = {
			isa = XCSwiftPackageProductDependency;
			package = ABEDD9262BA60E3100B316AC /* XCRemoteSwiftPackageReference "firebase-ios-sdk" */;
			productName = FirebaseRemoteConfig;
		};
		ABEDD9472BA60E3100B316AC /* FirebaseRemoteConfigSwift */ = {
			isa = XCSwiftPackageProductDependency;
			package = ABEDD9262BA60E3100B316AC /* XCRemoteSwiftPackageReference "firebase-ios-sdk" */;
			productName = FirebaseRemoteConfigSwift;
		};
		ABEDD9492BA60E3100B316AC /* FirebaseStorage */ = {
			isa = XCSwiftPackageProductDependency;
			package = ABEDD9262BA60E3100B316AC /* XCRemoteSwiftPackageReference "firebase-ios-sdk" */;
			productName = FirebaseStorage;
		};
/* End XCSwiftPackageProductDependency section */
	};
	rootObject = AB2182DC2B9FEF02004DC899 /* Project object */;
}
